Microsoft Visual Studio Solution File, Format Version 11.00
# Visual Studio 2008

Project("{D47ECC67-E29D-7A8A-92D3-EFCD5421BCDB}") = "Tea-Cheerios", "Assembly-CSharp-firstpass.csproj", "{3B974898-8D33-A570-935A-91AEE8E6C026}"
EndProject
Project("{D47ECC67-E29D-7A8A-92D3-EFCD5421BCDB}") = "Tea-Cheerios", "Assembly-CSharp.csproj", "{44EDB991-DD67-C9B7-CF10-9C02A7CBA0D1}"
EndProject
Project("{D47ECC67-E29D-7A8A-92D3-EFCD5421BCDB}") = "Tea-Cheerios", "Assembly-CSharp-Editor.csproj", "{6296AD78-05EE-0271-8C03-5BA0D6CF9511}"
EndProject
Global
	GlobalSection(SolutionConfigurationPlatforms) = preSolution
		Debug|Any CPU = Debug|Any CPU
		Release|Any CPU = Release|Any CPU
	EndGlobalSection
	GlobalSection(ProjectConfigurationPlatforms) = postSolution
		{3B974898-8D33-A570-935A-91AEE8E6C026}.Debug|Any CPU.ActiveCfg = Debug|Any CPU
		{3B974898-8D33-A570-935A-91AEE8E6C026}.Debug|Any CPU.Build.0 = Debug|Any CPU
		{3B974898-8D33-A570-935A-91AEE8E6C026}.Release|Any CPU.ActiveCfg = Release|Any CPU
		{3B974898-8D33-A570-935A-91AEE8E6C026}.Release|Any CPU.Build.0 = Release|Any CPU
		{44EDB991-DD67-C9B7-CF10-9C02A7CBA0D1}.Debug|Any CPU.ActiveCfg = Debug|Any CPU
		{44EDB991-DD67-C9B7-CF10-9C02A7CBA0D1}.Debug|Any CPU.Build.0 = Debug|Any CPU
		{44EDB991-DD67-C9B7-CF10-9C02A7CBA0D1}.Release|Any CPU.ActiveCfg = Release|Any CPU
		{44EDB991-DD67-C9B7-CF10-9C02A7CBA0D1}.Release|Any CPU.Build.0 = Release|Any CPU
		{6296AD78-05EE-0271-8C03-5BA0D6CF9511}.Debug|Any CPU.ActiveCfg = Debug|Any CPU
		{6296AD78-05EE-0271-8C03-5BA0D6CF9511}.Debug|Any CPU.Build.0 = Debug|Any CPU
		{6296AD78-05EE-0271-8C03-5BA0D6CF9511}.Release|Any CPU.ActiveCfg = Release|Any CPU
		{6296AD78-05EE-0271-8C03-5BA0D6CF9511}.Release|Any CPU.Build.0 = Release|Any CPU
	EndGlobalSection
	GlobalSection(SolutionProperties) = preSolution
		HideSolutionNode = FALSE
	EndGlobalSection
									GlobalSection(MonoDevelopProperties) = preSolution
		StartupItem = Assembly-CSharp.csproj
		Policies = $0
		$0.TextStylePolicy = $1
		$1.inheritsSet = null
		$1.scope = text/x-csharp
		$0.CSharpFormattingPolicy = $2
		$2.inheritsSet = Mono
		$2.inheritsScope = text/x-csharp
		$2.scope = text/x-csharp
		$0.TextStylePolicy = $3
		$3.FileWidth = 120
		$3.TabWidth = 4
		$3.IndentWidth = 4
		$3.EolMarker = Unix
		$3.inheritsSet = Mono
		$3.inheritsScope = text/plain
		$3.scope = text/plain
	EndGlobalSection

EndGlobal
